
Microsoft Visual Studio Solution File, Format Version 12.00
# Visual Studio Version 17
VisualStudioVersion = 17.1.32328.378
MinimumVisualStudioVersion = 10.0.40219.1
Project("{9A19103F-16F7-4668-BE54-9A1E7A4F7556}") = "TimeFunction", "TimeFunction\TimeFunction.csproj", "{1194ABAF-CC60-4EEC-9D29-8E422E775552}"
EndProject
Project("{FAE04EC0-301F-11D3-BF4B-00C04F79EFBC}") = "TimeFunction.Test", "TimeFunction.Test\TimeFunction.Test.csproj", "{A064BA40-3CC9-4F34-8D2B-EA8DE744B9D7}"
EndProject
Global
	GlobalSection(SolutionConfigurationPlatforms) = preSolution
		Debug|Any CPU = Debug|Any CPU
		Release|Any CPU = Release|Any CPU
	EndGlobalSection
	GlobalSection(ProjectConfigurationPlatforms) = postSolution
		{1194ABAF-CC60-4EEC-9D29-8E422E775552}.Debug|Any CPU.ActiveCfg = Debug|Any CPU
		{1194ABAF-CC60-4EEC-9D29-8E422E775552}.Debug|Any CPU.Build.0 = Debug|Any CPU
		{1194ABAF-CC60-4EEC-9D29-8E422E775552}.Release|Any CPU.ActiveCfg = Release|Any CPU
		{1194ABAF-CC60-4EEC-9D29-8E422E775552}.Release|Any CPU.Build.0 = Release|Any CPU
		{A064BA40-3CC9-4F34-8D2B-EA8DE744B9D7}.Debug|Any CPU.ActiveCfg = Debug|Any CPU
		{A064BA40-3CC9-4F34-8D2B-EA8DE744B9D7}.Debug|Any CPU.Build.0 = Debug|Any CPU
		{A064BA40-3CC9-4F34-8D2B-EA8DE744B9D7}.Release|Any CPU.ActiveCfg = Release|Any CPU
		{A064BA40-3CC9-4F34-8D2B-EA8DE744B9D7}.Release|Any CPU.Build.0 = Release|Any CPU
	EndGlobalSection
	GlobalSection(SolutionProperties) = preSolution
		HideSolutionNode = FALSE
	EndGlobalSection
	GlobalSection(ExtensibilityGlobals) = postSolution
		SolutionGuid = {29962EB9-B843-4179-8E84-C1508747B5D3}
	EndGlobalSection
EndGlobal
